
Microsoft Visual Studio Solution File, Format Version 12.00
# Visual Studio 15
VisualStudioVersion = 15.0.27703.2000
MinimumVisualStudioVersion = 10.0.40219.1
Project("{FAE04EC0-301F-11D3-BF4B-00C04F79EFBC}") = "ProcessStart", "ProcessStart\ProcessStart.csproj", "{BDAD51D2-6108-4EF8-A017-DC22006DB6DA}"
EndProject
Global
	GlobalSection(SolutionConfigurationPlatforms) = preSolution
		Debug|Any CPU = Debug|Any CPU
		Release|Any CPU = Release|Any CPU
	EndGlobalSection
	GlobalSection(ProjectConfigurationPlatforms) = postSolution
		{BDAD51D2-6108-4EF8-A017-DC22006DB6DA}.Debug|Any CPU.ActiveCfg = Debug|Any CPU
		{BDAD51D2-6108-4EF8-A017-DC22006DB6DA}.Debug|Any CPU.Build.0 = Debug|Any CPU
		{BDAD51D2-6108-4EF8-A017-DC22006DB6DA}.Release|Any CPU.ActiveCfg = Release|Any CPU
		{BDAD51D2-6108-4EF8-A017-DC22006DB6DA}.Release|Any CPU.Build.0 = Release|Any CPU
	EndGlobalSection
	GlobalSection(SolutionProperties) = preSolution
		HideSolutionNode = FALSE
	EndGlobalSection
	GlobalSection(ExtensibilityGlobals) = postSolution
		SolutionGuid = {15350EE7-F6F7-41D5-BC82-8CEC5BD8A45D}
	EndGlobalSection
EndGlobal
