
Microsoft Visual Studio Solution File, Format Version 12.00
# Visual Studio 15
VisualStudioVersion = 15.0.27130.2027
MinimumVisualStudioVersion = 10.0.40219.1
Project("{FAE04EC0-301F-11D3-BF4B-00C04F79EFBC}") = "Indexer", "Indexer\Indexer.csproj", "{BAB2F1BC-12DD-42DF-865B-279B02A8863E}"
EndProject
Global
	GlobalSection(SolutionConfigurationPlatforms) = preSolution
		Debug|Any CPU = Debug|Any CPU
		Release|Any CPU = Release|Any CPU
	EndGlobalSection
	GlobalSection(ProjectConfigurationPlatforms) = postSolution
		{BAB2F1BC-12DD-42DF-865B-279B02A8863E}.Debug|Any CPU.ActiveCfg = Debug|Any CPU
		{BAB2F1BC-12DD-42DF-865B-279B02A8863E}.Debug|Any CPU.Build.0 = Debug|Any CPU
		{BAB2F1BC-12DD-42DF-865B-279B02A8863E}.Release|Any CPU.ActiveCfg = Release|Any CPU
		{BAB2F1BC-12DD-42DF-865B-279B02A8863E}.Release|Any CPU.Build.0 = Release|Any CPU
	EndGlobalSection
	GlobalSection(SolutionProperties) = preSolution
		HideSolutionNode = FALSE
	EndGlobalSection
	GlobalSection(ExtensibilityGlobals) = postSolution
		SolutionGuid = {C63F550B-2F70-44D1-B8F0-5FD758C3A4B6}
	EndGlobalSection
EndGlobal
